// !$*UTF8*$!
{
	archiveVersion = 1;
	classes = {
	};
	objectVersion = 50;
	objects = {

/* Begin PBXBuildFile section */
		5535C3A8241C0BD6001F0344 /* MapsViewController.swift in Sources */ = {isa = PBXBuildFile; fileRef = 5535C3A7241C0BD6001F0344 /* MapsViewController.swift */; };
		5535C3AE241C0C97001F0344 /* DetailsWeatherViewController.swift in Sources */ = {isa = PBXBuildFile; fileRef = 5535C3AD241C0C97001F0344 /* DetailsWeatherViewController.swift */; };
		55531CEF24193CEB00CE8B7A /* AppDelegate.swift in Sources */ = {isa = PBXBuildFile; fileRef = 55531CEE24193CEB00CE8B7A /* AppDelegate.swift */; };
		55531CF124193CEB00CE8B7A /* SceneDelegate.swift in Sources */ = {isa = PBXBuildFile; fileRef = 55531CF024193CEB00CE8B7A /* SceneDelegate.swift */; };
		55531CF624193CEB00CE8B7A /* Main.storyboard in Resources */ = {isa = PBXBuildFile; fileRef = 55531CF424193CEB00CE8B7A /* Main.storyboard */; };
		55531CF924193CEB00CE8B7A /* openweathermap_ios.xcdatamodeld in Sources */ = {isa = PBXBuildFile; fileRef = 55531CF724193CEB00CE8B7A /* openweathermap_ios.xcdatamodeld */; };
		55531CFB24193CEC00CE8B7A /* Assets.xcassets in Resources */ = {isa = PBXBuildFile; fileRef = 55531CFA24193CEC00CE8B7A /* Assets.xcassets */; };
		55531CFE24193CEC00CE8B7A /* LaunchScreen.storyboard in Resources */ = {isa = PBXBuildFile; fileRef = 55531CFC24193CEC00CE8B7A /* LaunchScreen.storyboard */; };
		55531D0924193CEC00CE8B7A /* openweathermap_iosTests.swift in Sources */ = {isa = PBXBuildFile; fileRef = 55531D0824193CEC00CE8B7A /* openweathermap_iosTests.swift */; };
		55531D1424193CEC00CE8B7A /* openweathermap_iosUITests.swift in Sources */ = {isa = PBXBuildFile; fileRef = 55531D1324193CEC00CE8B7A /* openweathermap_iosUITests.swift */; };
/* End PBXBuildFile section */

/* Begin PBXContainerItemProxy section */
		55531D0524193CEC00CE8B7A /* PBXContainerItemProxy */ = {
			isa = PBXContainerItemProxy;
			containerPortal = 55531CE324193CEB00CE8B7A /* Project object */;
			proxyType = 1;
			remoteGlobalIDString = 55531CEA24193CEB00CE8B7A;
			remoteInfo = "openweathermap-ios";
		};
		55531D1024193CEC00CE8B7A /* PBXContainerItemProxy */ = {
			isa = PBXContainerItemProxy;
			containerPortal = 55531CE324193CEB00CE8B7A /* Project object */;
			proxyType = 1;
			remoteGlobalIDString = 55531CEA24193CEB00CE8B7A;
			remoteInfo = "openweathermap-ios";
		};
/* End PBXContainerItemProxy section */

/* Begin PBXFileReference section */
		5535C3A7241C0BD6001F0344 /* MapsViewController.swift */ = {isa = PBXFileReference; lastKnownFileType = sourcecode.swift; path = MapsViewController.swift; sourceTree = "<group>"; };
		5535C3AD241C0C97001F0344 /* DetailsWeatherViewController.swift */ = {isa = PBXFileReference; lastKnownFileType = sourcecode.swift; path = DetailsWeatherViewController.swift; sourceTree = "<group>"; };
		55531CEB24193CEB00CE8B7A /* openweathermap-ios.app */ = {isa = PBXFileReference; explicitFileType = wrapper.application; includeInIndex = 0; path = "openweathermap-ios.app"; sourceTree = BUILT_PRODUCTS_DIR; };
		55531CEE24193CEB00CE8B7A /* AppDelegate.swift */ = {isa = PBXFileReference; lastKnownFileType = sourcecode.swift; path = AppDelegate.swift; sourceTree = "<group>"; };
		55531CF024193CEB00CE8B7A /* SceneDelegate.swift */ = {isa = PBXFileReference; lastKnownFileType = sourcecode.swift; path = SceneDelegate.swift; sourceTree = "<group>"; };
		55531CF524193CEB00CE8B7A /* Base */ = {isa = PBXFileReference; lastKnownFileType = file.storyboard; name = Base; path = Base.lproj/Main.storyboard; sourceTree = "<group>"; };
		55531CF824193CEB00CE8B7A /* openweathermap_ios.xcdatamodel */ = {isa = PBXFileReference; lastKnownFileType = wrapper.xcdatamodel; path = openweathermap_ios.xcdatamodel; sourceTree = "<group>"; };
		55531CFA24193CEC00CE8B7A /* Assets.xcassets */ = {isa = PBXFileReference; lastKnownFileType = folder.assetcatalog; path = Assets.xcassets; sourceTree = "<group>"; };
		55531CFD24193CEC00CE8B7A /* Base */ = {isa = PBXFileReference; lastKnownFileType = file.storyboard; name = Base; path = Base.lproj/LaunchScreen.storyboard; sourceTree = "<group>"; };
		55531CFF24193CEC00CE8B7A /* Info.plist */ = {isa = PBXFileReference; lastKnownFileType = text.plist.xml; path = Info.plist; sourceTree = "<group>"; };
		55531D0424193CEC00CE8B7A /* openweathermap-iosTests.xctest */ = {isa = PBXFileReference; explicitFileType = wrapper.cfbundle; includeInIndex = 0; path = "openweathermap-iosTests.xctest"; sourceTree = BUILT_PRODUCTS_DIR; };
		55531D0824193CEC00CE8B7A /* openweathermap_iosTests.swift */ = {isa = PBXFileReference; lastKnownFileType = sourcecode.swift; path = openweathermap_iosTests.swift; sourceTree = "<group>"; };
		55531D0A24193CEC00CE8B7A /* Info.plist */ = {isa = PBXFileReference; lastKnownFileType = text.plist.xml; path = Info.plist; sourceTree = "<group>"; };
		55531D0F24193CEC00CE8B7A /* openweathermap-iosUITests.xctest */ = {isa = PBXFileReference; explicitFileType = wrapper.cfbundle; includeInIndex = 0; path = "openweathermap-iosUITests.xctest"; sourceTree = BUILT_PRODUCTS_DIR; };
		55531D1324193CEC00CE8B7A /* openweathermap_iosUITests.swift */ = {isa = PBXFileReference; lastKnownFileType = sourcecode.swift; path = openweathermap_iosUITests.swift; sourceTree = "<group>"; };
		55531D1524193CEC00CE8B7A /* Info.plist */ = {isa = PBXFileReference; lastKnownFileType = text.plist.xml; path = Info.plist; sourceTree = "<group>"; };
/* End PBXFileReference section */

/* Begin PBXFrameworksBuildPhase section */
		55531CE824193CEB00CE8B7A /* Frameworks */ = {
			isa = PBXFrameworksBuildPhase;
			buildActionMask = 2147483647;
			files = (
			);
			runOnlyForDeploymentPostprocessing = 0;
		};
		55531D0124193CEC00CE8B7A /* Frameworks */ = {
			isa = PBXFrameworksBuildPhase;
			buildActionMask = 2147483647;
			files = (
			);
			runOnlyForDeploymentPostprocessing = 0;
		};
		55531D0C24193CEC00CE8B7A /* Frameworks */ = {
			isa = PBXFrameworksBuildPhase;
			buildActionMask = 2147483647;
			files = (
			);
			runOnlyForDeploymentPostprocessing = 0;
		};
/* End PBXFrameworksBuildPhase section */

/* Begin PBXGroup section */
		5535C3A3241C0B6A001F0344 /* Maps */ = {
			isa = PBXGroup;
			children = (
				5535C3A4241C0B98001F0344 /* Model */,
				5535C3A5241C0BA1001F0344 /* View */,
				5535C3A6241C0BA7001F0344 /* Controller */,
			);
			path = Maps;
			sourceTree = "<group>";
		};
		5535C3A4241C0B98001F0344 /* Model */ = {
			isa = PBXGroup;
			children = (
			);
			path = Model;
			sourceTree = "<group>";
		};
		5535C3A5241C0BA1001F0344 /* View */ = {
			isa = PBXGroup;
			children = (
			);
			path = View;
			sourceTree = "<group>";
		};
		5535C3A6241C0BA7001F0344 /* Controller */ = {
			isa = PBXGroup;
			children = (
				5535C3A7241C0BD6001F0344 /* MapsViewController.swift */,
			);
			path = Controller;
			sourceTree = "<group>";
		};
		5535C3A9241C0C44001F0344 /* Weather */ = {
			isa = PBXGroup;
			children = (
				5535C3AA241C0C5C001F0344 /* Model */,
				5535C3AB241C0C62001F0344 /* View */,
				5535C3AC241C0C68001F0344 /* Controller */,
			);
			path = Weather;
			sourceTree = "<group>";
		};
		5535C3AA241C0C5C001F0344 /* Model */ = {
			isa = PBXGroup;
			children = (
			);
			path = Model;
			sourceTree = "<group>";
		};
		5535C3AB241C0C62001F0344 /* View */ = {
			isa = PBXGroup;
			children = (
			);
			path = View;
			sourceTree = "<group>";
		};
		5535C3AC241C0C68001F0344 /* Controller */ = {
			isa = PBXGroup;
			children = (
				5535C3AD241C0C97001F0344 /* DetailsWeatherViewController.swift */,
			);
			path = Controller;
			sourceTree = "<group>";
		};
		55531CE224193CEB00CE8B7A = {
			isa = PBXGroup;
			children = (
				55531CED24193CEB00CE8B7A /* openweathermap-ios */,
				55531D0724193CEC00CE8B7A /* openweathermap-iosTests */,
				55531D1224193CEC00CE8B7A /* openweathermap-iosUITests */,
				55531CEC24193CEB00CE8B7A /* Products */,
			);
			sourceTree = "<group>";
		};
		55531CEC24193CEB00CE8B7A /* Products */ = {
			isa = PBXGroup;
			children = (
				55531CEB24193CEB00CE8B7A /* openweathermap-ios.app */,
				55531D0424193CEC00CE8B7A /* openweathermap-iosTests.xctest */,
				55531D0F24193CEC00CE8B7A /* openweathermap-iosUITests.xctest */,
			);
			name = Products;
			sourceTree = "<group>";
		};
		55531CED24193CEB00CE8B7A /* openweathermap-ios */ = {
			isa = PBXGroup;
			children = (
				5535C3A9241C0C44001F0344 /* Weather */,
				5535C3A3241C0B6A001F0344 /* Maps */,
				55531CEE24193CEB00CE8B7A /* AppDelegate.swift */,
				55531CF024193CEB00CE8B7A /* SceneDelegate.swift */,
				55531CF424193CEB00CE8B7A /* Main.storyboard */,
				55531CFA24193CEC00CE8B7A /* Assets.xcassets */,
				55531CFC24193CEC00CE8B7A /* LaunchScreen.storyboard */,
				55531CFF24193CEC00CE8B7A /* Info.plist */,
				55531CF724193CEB00CE8B7A /* openweathermap_ios.xcdatamodeld */,
			);
			path = "openweathermap-ios";
			sourceTree = "<group>";
		};
		55531D0724193CEC00CE8B7A /* openweathermap-iosTests */ = {
			isa = PBXGroup;
			children = (
				55531D0824193CEC00CE8B7A /* openweathermap_iosTests.swift */,
				55531D0A24193CEC00CE8B7A /* Info.plist */,
			);
			path = "openweathermap-iosTests";
			sourceTree = "<group>";
		};
		55531D1224193CEC00CE8B7A /* openweathermap-iosUITests */ = {
			isa = PBXGroup;
			children = (
				55531D1324193CEC00CE8B7A /* openweathermap_iosUITests.swift */,
				55531D1524193CEC00CE8B7A /* Info.plist */,
			);
			path = "openweathermap-iosUITests";
			sourceTree = "<group>";
		};
/* End PBXGroup section */

/* Begin PBXNativeTarget section */
		55531CEA24193CEB00CE8B7A /* openweathermap-ios */ = {
			isa = PBXNativeTarget;
			buildConfigurationList = 55531D1824193CEC00CE8B7A /* Build configuration list for PBXNativeTarget "openweathermap-ios" */;
			buildPhases = (
				55531CE724193CEB00CE8B7A /* Sources */,
				55531CE824193CEB00CE8B7A /* Frameworks */,
				55531CE924193CEB00CE8B7A /* Resources */,
			);
			buildRules = (
			);
			dependencies = (
			);
			name = "openweathermap-ios";
			productName = "openweathermap-ios";
			productReference = 55531CEB24193CEB00CE8B7A /* openweathermap-ios.app */;
			productType = "com.apple.product-type.application";
		};
		55531D0324193CEC00CE8B7A /* openweathermap-iosTests */ = {
			isa = PBXNativeTarget;
			buildConfigurationList = 55531D1B24193CEC00CE8B7A /* Build configuration list for PBXNativeTarget "openweathermap-iosTests" */;
			buildPhases = (
				55531D0024193CEC00CE8B7A /* Sources */,
				55531D0124193CEC00CE8B7A /* Frameworks */,
				55531D0224193CEC00CE8B7A /* Resources */,
			);
			buildRules = (
			);
			dependencies = (
				55531D0624193CEC00CE8B7A /* PBXTargetDependency */,
			);
			name = "openweathermap-iosTests";
			productName = "openweathermap-iosTests";
			productReference = 55531D0424193CEC00CE8B7A /* openweathermap-iosTests.xctest */;
			productType = "com.apple.product-type.bundle.unit-test";
		};
		55531D0E24193CEC00CE8B7A /* openweathermap-iosUITests */ = {
			isa = PBXNativeTarget;
			buildConfigurationList = 55531D1E24193CEC00CE8B7A /* Build configuration list for PBXNativeTarget "openweathermap-iosUITests" */;
			buildPhases = (
				55531D0B24193CEC00CE8B7A /* Sources */,
				55531D0C24193CEC00CE8B7A /* Frameworks */,
				55531D0D24193CEC00CE8B7A /* Resources */,
			);
			buildRules = (
			);
			dependencies = (
				55531D1124193CEC00CE8B7A /* PBXTargetDependency */,
			);
			name = "openweathermap-iosUITests";
			productName = "openweathermap-iosUITests";
			productReference = 55531D0F24193CEC00CE8B7A /* openweathermap-iosUITests.xctest */;
			productType = "com.apple.product-type.bundle.ui-testing";
		};
/* End PBXNativeTarget section */

/* Begin PBXProject section */
		55531CE324193CEB00CE8B7A /* Project object */ = {
			isa = PBXProject;
			attributes = {
				LastSwiftUpdateCheck = 1130;
				LastUpgradeCheck = 1130;
				ORGANIZATIONNAME = "Lucas Montano";
				TargetAttributes = {
					55531CEA24193CEB00CE8B7A = {
						CreatedOnToolsVersion = 11.3.1;
					};
					55531D0324193CEC00CE8B7A = {
						CreatedOnToolsVersion = 11.3.1;
						TestTargetID = 55531CEA24193CEB00CE8B7A;
					};
					55531D0E24193CEC00CE8B7A = {
						CreatedOnToolsVersion = 11.3.1;
						TestTargetID = 55531CEA24193CEB00CE8B7A;
					};
				};
			};
			buildConfigurationList = 55531CE624193CEB00CE8B7A /* Build configuration list for PBXProject "openweathermap-ios" */;
			compatibilityVersion = "Xcode 9.3";
			developmentRegion = en;
			hasScannedForEncodings = 0;
			knownRegions = (
				en,
				Base,
			);
			mainGroup = 55531CE224193CEB00CE8B7A;
			productRefGroup = 55531CEC24193CEB00CE8B7A /* Products */;
			projectDirPath = "";
			projectRoot = "";
			targets = (
				55531CEA24193CEB00CE8B7A /* openweathermap-ios */,
				55531D0324193CEC00CE8B7A /* openweathermap-iosTests */,
				55531D0E24193CEC00CE8B7A /* openweathermap-iosUITests */,
			);
		};
/* End PBXProject section */

/* Begin PBXResourcesBuildPhase section */
		55531CE924193CEB00CE8B7A /* Resources */ = {
			isa = PBXResourcesBuildPhase;
			buildActionMask = 2147483647;
			files = (
				55531CFE24193CEC00CE8B7A /* LaunchScreen.storyboard in Resources */,
				55531CFB24193CEC00CE8B7A /* Assets.xcassets in Resources */,
				55531CF624193CEB00CE8B7A /* Main.storyboard in Resources */,
			);
			runOnlyForDeploymentPostprocessing = 0;
		};
		55531D0224193CEC00CE8B7A /* Resources */ = {
			isa = PBXResourcesBuildPhase;
			buildActionMask = 2147483647;
			files = (
			);
			runOnlyForDeploymentPostprocessing = 0;
		};
		55531D0D24193CEC00CE8B7A /* Resources */ = {
			isa = PBXResourcesBuildPhase;
			buildActionMask = 2147483647;
			files = (
			);
			runOnlyForDeploymentPostprocessing = 0;
		};
/* End PBXResourcesBuildPhase section */

/* Begin PBXSourcesBuildPhase section */
		55531CE724193CEB00CE8B7A /* Sources */ = {
			isa = PBXSourcesBuildPhase;
			buildActionMask = 2147483647;
			files = (
				55531CF924193CEB00CE8B7A /* openweathermap_ios.xcdatamodeld in Sources */,
				5535C3AE241C0C97001F0344 /* DetailsWeatherViewController.swift in Sources */,
				55531CEF24193CEB00CE8B7A /* AppDelegate.swift in Sources */,
				55531CF124193CEB00CE8B7A /* SceneDelegate.swift in Sources */,
				5535C3A8241C0BD6001F0344 /* MapsViewController.swift in Sources */,
			);
			runOnlyForDeploymentPostprocessing = 0;
		};
		55531D0024193CEC00CE8B7A /* Sources */ = {
			isa = PBXSourcesBuildPhase;
			buildActionMask = 2147483647;
			files = (
				55531D0924193CEC00CE8B7A /* openweathermap_iosTests.swift in Sources */,
			);
			runOnlyForDeploymentPostprocessing = 0;
		};
		55531D0B24193CEC00CE8B7A /* Sources */ = {
			isa = PBXSourcesBuildPhase;
			buildActionMask = 2147483647;
			files = (
				55531D1424193CEC00CE8B7A /* openweathermap_iosUITests.swift in Sources */,
			);
			runOnlyForDeploymentPostprocessing = 0;
		};
/* End PBXSourcesBuildPhase section */

/* Begin PBXTargetDependency section */
		55531D0624193CEC00CE8B7A /* PBXTargetDependency */ = {
			isa = PBXTargetDependency;
			target = 55531CEA24193CEB00CE8B7A /* openweathermap-ios */;
			targetProxy = 55531D0524193CEC00CE8B7A /* PBXContainerItemProxy */;
		};
		55531D1124193CEC00CE8B7A /* PBXTargetDependency */ = {
			isa = PBXTargetDependency;
			target = 55531CEA24193CEB00CE8B7A /* openweathermap-ios */;
			targetProxy = 55531D1024193CEC00CE8B7A /* PBXContainerItemProxy */;
		};
/* End PBXTargetDependency section */

/* Begin PBXVariantGroup section */
		55531CF424193CEB00CE8B7A /* Main.storyboard */ = {
			isa = PBXVariantGroup;
			children = (
				55531CF524193CEB00CE8B7A /* Base */,
			);
			name = Main.storyboard;
			sourceTree = "<group>";
		};
		55531CFC24193CEC00CE8B7A /* LaunchScreen.storyboard */ = {
			isa = PBXVariantGroup;
			children = (
				55531CFD24193CEC00CE8B7A /* Base */,
			);
			name = LaunchScreen.storyboard;
			sourceTree = "<group>";
		};
/* End PBXVariantGroup section */

/* Begin XCBuildConfiguration section */
		55531D1624193CEC00CE8B7A /* Debug */ = {
			isa = XCBuildConfiguration;
			buildSettings = {
				ALWAYS_SEARCH_USER_PATHS = NO;
				CLANG_ANALYZER_NONNULL = YES;
				CLANG_ANALYZER_NUMBER_OBJECT_CONVERSION = YES_AGGRESSIVE;
				CLANG_CXX_LANGUAGE_STANDARD = "gnu++14";
				CLANG_CXX_LIBRARY = "libc++";
				CLANG_ENABLE_MODULES = YES;
				CLANG_ENABLE_OBJC_ARC = YES;
				CLANG_ENABLE_OBJC_WEAK = YES;
				CLANG_WARN_BLOCK_CAPTURE_AUTORELEASING = YES;
				CLANG_WARN_BOOL_CONVERSION = YES;
				CLANG_WARN_COMMA = YES;
				CLANG_WARN_CONSTANT_CONVERSION = YES;
				CLANG_WARN_DEPRECATED_OBJC_IMPLEMENTATIONS = YES;
				CLANG_WARN_DIRECT_OBJC_ISA_USAGE = YES_ERROR;
				CLANG_WARN_DOCUMENTATION_COMMENTS = YES;
				CLANG_WARN_EMPTY_BODY = YES;
				CLANG_WARN_ENUM_CONVERSION = YES;
				CLANG_WARN_INFINITE_RECURSION = YES;
				CLANG_WARN_INT_CONVERSION = YES;
				CLANG_WARN_NON_LITERAL_NULL_CONVERSION = YES;
				CLANG_WARN_OBJC_IMPLICIT_RETAIN_SELF = YES;
				CLANG_WARN_OBJC_LITERAL_CONVERSION = YES;
				CLANG_WARN_OBJC_ROOT_CLASS = YES_ERROR;
				CLANG_WARN_RANGE_LOOP_ANALYSIS = YES;
				CLANG_WARN_STRICT_PROTOTYPES = YES;
				CLANG_WARN_SUSPICIOUS_MOVE = YES;
				CLANG_WARN_UNGUARDED_AVAILABILITY = YES_AGGRESSIVE;
				CLANG_WARN_UNREACHABLE_CODE = YES;
				CLANG_WARN__DUPLICATE_METHOD_MATCH = YES;
				COPY_PHASE_STRIP = NO;
				DEBUG_INFORMATION_FORMAT = dwarf;
				ENABLE_STRICT_OBJC_MSGSEND = YES;
				ENABLE_TESTABILITY = YES;
				GCC_C_LANGUAGE_STANDARD = gnu11;
				GCC_DYNAMIC_NO_PIC = NO;
				GCC_NO_COMMON_BLOCKS = YES;
				GCC_OPTIMIZATION_LEVEL = 0;
				GCC_PREPROCESSOR_DEFINITIONS = (
					"DEBUG=1",
					"$(inherited)",
				);
				GCC_WARN_64_TO_32_BIT_CONVERSION = YES;
				GCC_WARN_ABOUT_RETURN_TYPE = YES_ERROR;
				GCC_WARN_UNDECLARED_SELECTOR = YES;
				GCC_WARN_UNINITIALIZED_AUTOS = YES_AGGRESSIVE;
				GCC_WARN_UNUSED_FUNCTION = YES;
				GCC_WARN_UNUSED_VARIABLE = YES;
				IPHONEOS_DEPLOYMENT_TARGET = 13.2;
				MTL_ENABLE_DEBUG_INFO = INCLUDE_SOURCE;
				MTL_FAST_MATH = YES;
				ONLY_ACTIVE_ARCH = YES;
				SDKROOT = iphoneos;
				SWIFT_ACTIVE_COMPILATION_CONDITIONS = DEBUG;
				SWIFT_OPTIMIZATION_LEVEL = "-Onone";
			};
			name = Debug;
		};
		55531D1724193CEC00CE8B7A /* Release */ = {
			isa = XCBuildConfiguration;
			buildSettings = {
				ALWAYS_SEARCH_USER_PATHS = NO;
				CLANG_ANALYZER_NONNULL = YES;
				CLANG_ANALYZER_NUMBER_OBJECT_CONVERSION = YES_AGGRESSIVE;
				CLANG_CXX_LANGUAGE_STANDARD = "gnu++14";
				CLANG_CXX_LIBRARY = "libc++";
				CLANG_ENABLE_MODULES = YES;
				CLANG_ENABLE_OBJC_ARC = YES;
				CLANG_ENABLE_OBJC_WEAK = YES;
				CLANG_WARN_BLOCK_CAPTURE_AUTORELEASING = YES;
				CLANG_WARN_BOOL_CONVERSION = YES;
				CLANG_WARN_COMMA = YES;
				CLANG_WARN_CONSTANT_CONVERSION = YES;
				CLANG_WARN_DEPRECATED_OBJC_IMPLEMENTATIONS = YES;
				CLANG_WARN_DIRECT_OBJC_ISA_USAGE = YES_ERROR;
				CLANG_WARN_DOCUMENTATION_COMMENTS = YES;
				CLANG_WARN_EMPTY_BODY = YES;
				CLANG_WARN_ENUM_CONVERSION = YES;
				CLANG_WARN_INFINITE_RECURSION = YES;
				CLANG_WARN_INT_CONVERSION = YES;
				CLANG_WARN_NON_LITERAL_NULL_CONVERSION = YES;
				CLANG_WARN_OBJC_IMPLICIT_RETAIN_SELF = YES;
				CLANG_WARN_OBJC_LITERAL_CONVERSION = YES;
				CLANG_WARN_OBJC_ROOT_CLASS = YES_ERROR;
				CLANG_WARN_RANGE_LOOP_ANALYSIS = YES;
				CLANG_WARN_STRICT_PROTOTYPES = YES;
				CLANG_WARN_SUSPICIOUS_MOVE = YES;
				CLANG_WARN_UNGUARDED_AVAILABILITY = YES_AGGRESSIVE;
				CLANG_WARN_UNREACHABLE_CODE = YES;
				CLANG_WARN__DUPLICATE_METHOD_MATCH = YES;
				COPY_PHASE_STRIP = NO;
				DEBUG_INFORMATION_FORMAT = "dwarf-with-dsym";
				ENABLE_NS_ASSERTIONS = NO;
				ENABLE_STRICT_OBJC_MSGSEND = YES;
				GCC_C_LANGUAGE_STANDARD = gnu11;
				GCC_NO_COMMON_BLOCKS = YES;
				GCC_WARN_64_TO_32_BIT_CONVERSION = YES;
				GCC_WARN_ABOUT_RETURN_TYPE = YES_ERROR;
				GCC_WARN_UNDECLARED_SELECTOR = YES;
				GCC_WARN_UNINITIALIZED_AUTOS = YES_AGGRESSIVE;
				GCC_WARN_UNUSED_FUNCTION = YES;
				GCC_WARN_UNUSED_VARIABLE = YES;
				IPHONEOS_DEPLOYMENT_TARGET = 13.2;
				MTL_ENABLE_DEBUG_INFO = NO;
				MTL_FAST_MATH = YES;
				SDKROOT = iphoneos;
				SWIFT_COMPILATION_MODE = wholemodule;
				SWIFT_OPTIMIZATION_LEVEL = "-O";
				VALIDATE_PRODUCT = YES;
			};
			name = Release;
		};
		55531D1924193CEC00CE8B7A /* Debug */ = {
			isa = XCBuildConfiguration;
			buildSettings = {
				ASSETCATALOG_COMPILER_APPICON_NAME = AppIcon;
				CODE_SIGN_STYLE = Automatic;
				DEVELOPMENT_TEAM = 9QG5EGL3K8;
				INFOPLIST_FILE = "openweathermap-ios/Info.plist";
				LD_RUNPATH_SEARCH_PATHS = (
					"$(inherited)",
					"@executable_path/Frameworks",
				);
				PRODUCT_BUNDLE_IDENTIFIER = "com.lucasmontano.openweathermap-ios";
				PRODUCT_NAME = "$(TARGET_NAME)";
				SWIFT_VERSION = 5.0;
				TARGETED_DEVICE_FAMILY = "1,2";
			};
			name = Debug;
		};
		55531D1A24193CEC00CE8B7A /* Release */ = {
			isa = XCBuildConfiguration;
			buildSettings = {
				ASSETCATALOG_COMPILER_APPICON_NAME = AppIcon;
				CODE_SIGN_STYLE = Automatic;
				DEVELOPMENT_TEAM = 9QG5EGL3K8;
				INFOPLIST_FILE = "openweathermap-ios/Info.plist";
				LD_RUNPATH_SEARCH_PATHS = (
					"$(inherited)",
					"@executable_path/Frameworks",
				);
				PRODUCT_BUNDLE_IDENTIFIER = "com.lucasmontano.openweathermap-ios";
				PRODUCT_NAME = "$(TARGET_NAME)";
				SWIFT_VERSION = 5.0;
				TARGETED_DEVICE_FAMILY = "1,2";
			};
			name = Release;
		};
		55531D1C24193CEC00CE8B7A /* Debug */ = {
			isa = XCBuildConfiguration;
			buildSettings = {
				ALWAYS_EMBED_SWIFT_STANDARD_LIBRARIES = YES;
				BUNDLE_LOADER = "$(TEST_HOST)";
				CODE_SIGN_STYLE = Automatic;
				DEVELOPMENT_TEAM = 9QG5EGL3K8;
				INFOPLIST_FILE = "openweathermap-iosTests/Info.plist";
				IPHONEOS_DEPLOYMENT_TARGET = 13.2;
				LD_RUNPATH_SEARCH_PATHS = (
					"$(inherited)",
					"@executable_path/Frameworks",
					"@loader_path/Frameworks",
				);
				PRODUCT_BUNDLE_IDENTIFIER = "com.lucasmontano.openweathermap-iosTests";
				PRODUCT_NAME = "$(TARGET_NAME)";
				SWIFT_VERSION = 5.0;
				TARGETED_DEVICE_FAMILY = "1,2";
				TEST_HOST = "$(BUILT_PRODUCTS_DIR)/openweathermap-ios.app/openweathermap-ios";
			};
			name = Debug;
		};
		55531D1D24193CEC00CE8B7A /* Release */ = {
			isa = XCBuildConfiguration;
			buildSettings = {
				ALWAYS_EMBED_SWIFT_STANDARD_LIBRARIES = YES;
				BUNDLE_LOADER = "$(TEST_HOST)";
				CODE_SIGN_STYLE = Automatic;
				DEVELOPMENT_TEAM = 9QG5EGL3K8;
				INFOPLIST_FILE = "openweathermap-iosTests/Info.plist";
				IPHONEOS_DEPLOYMENT_TARGET = 13.2;
				LD_RUNPATH_SEARCH_PATHS = (
					"$(inherited)",
					"@executable_path/Frameworks",
					"@loader_path/Frameworks",
				);
				PRODUCT_BUNDLE_IDENTIFIER = "com.lucasmontano.openweathermap-iosTests";
				PRODUCT_NAME = "$(TARGET_NAME)";
				SWIFT_VERSION = 5.0;
				TARGETED_DEVICE_FAMILY = "1,2";
				TEST_HOST = "$(BUILT_PRODUCTS_DIR)/openweathermap-ios.app/openweathermap-ios";
			};
			name = Release;
		};
		55531D1F24193CEC00CE8B7A /* Debug */ = {
			isa = XCBuildConfiguration;
			buildSettings = {
				ALWAYS_EMBED_SWIFT_STANDARD_LIBRARIES = YES;
				CODE_SIGN_STYLE = Automatic;
				DEVELOPMENT_TEAM = 9QG5EGL3K8;
				INFOPLIST_FILE = "openweathermap-iosUITests/Info.plist";
				LD_RUNPATH_SEARCH_PATHS = (
					"$(inherited)",
					"@executable_path/Frameworks",
					"@loader_path/Frameworks",
				);
				PRODUCT_BUNDLE_IDENTIFIER = "com.lucasmontano.openweathermap-iosUITests";
				PRODUCT_NAME = "$(TARGET_NAME)";
				SWIFT_VERSION = 5.0;
				TARGETED_DEVICE_FAMILY = "1,2";
				TEST_TARGET_NAME = "openweathermap-ios";
			};
			name = Debug;
		};
		55531D2024193CEC00CE8B7A /* Release */ = {
			isa = XCBuildConfiguration;
			buildSettings = {
				ALWAYS_EMBED_SWIFT_STANDARD_LIBRARIES = YES;
				CODE_SIGN_STYLE = Automatic;
				DEVELOPMENT_TEAM = 9QG5EGL3K8;
				INFOPLIST_FILE = "openweathermap-iosUITests/Info.plist";
				LD_RUNPATH_SEARCH_PATHS = (
					"$(inherited)",
					"@executable_path/Frameworks",
					"@loader_path/Frameworks",
				);
				PRODUCT_BUNDLE_IDENTIFIER = "com.lucasmontano.openweathermap-iosUITests";
				PRODUCT_NAME = "$(TARGET_NAME)";
				SWIFT_VERSION = 5.0;
				TARGETED_DEVICE_FAMILY = "1,2";
				TEST_TARGET_NAME = "openweathermap-ios";
			};
			name = Release;
		};
/* End XCBuildConfiguration section */

/* Begin XCConfigurationList section */
		55531CE624193CEB00CE8B7A /* Build configuration list for PBXProject "openweathermap-ios" */ = {
			isa = XCConfigurationList;
			buildConfigurations = (
				55531D1624193CEC00CE8B7A /* Debug */,
				55531D1724193CEC00CE8B7A /* Release */,
			);
			defaultConfigurationIsVisible = 0;
			defaultConfigurationName = Release;
		};
		55531D1824193CEC00CE8B7A /* Build configuration list for PBXNativeTarget "openweathermap-ios" */ = {
			isa = XCConfigurationList;
			buildConfigurations = (
				55531D1924193CEC00CE8B7A /* Debug */,
				55531D1A24193CEC00CE8B7A /* Release */,
			);
			defaultConfigurationIsVisible = 0;
			defaultConfigurationName = Release;
		};
		55531D1B24193CEC00CE8B7A /* Build configuration list for PBXNativeTarget "openweathermap-iosTests" */ = {
			isa = XCConfigurationList;
			buildConfigurations = (
				55531D1C24193CEC00CE8B7A /* Debug */,
				55531D1D24193CEC00CE8B7A /* Release */,
			);
			defaultConfigurationIsVisible = 0;
			defaultConfigurationName = Release;
		};
		55531D1E24193CEC00CE8B7A /* Build configuration list for PBXNativeTarget "openweathermap-iosUITests" */ = {
			isa = XCConfigurationList;
			buildConfigurations = (
				55531D1F24193CEC00CE8B7A /* Debug */,
				55531D2024193CEC00CE8B7A /* Release */,
			);
			defaultConfigurationIsVisible = 0;
			defaultConfigurationName = Release;
		};
/* End XCConfigurationList section */

/* Begin XCVersionGroup section */
		55531CF724193CEB00CE8B7A /* openweathermap_ios.xcdatamodeld */ = {
			isa = XCVersionGroup;
			children = (
				55531CF824193CEB00CE8B7A /* openweathermap_ios.xcdatamodel */,
			);
			currentVersion = 55531CF824193CEB00CE8B7A /* openweathermap_ios.xcdatamodel */;
			path = openweathermap_ios.xcdatamodeld;
			sourceTree = "<group>";
			versionGroupType = wrapper.xcdatamodel;
		};
/* End XCVersionGroup section */
	};
	rootObject = 55531CE324193CEB00CE8B7A /* Project object */;
}
