// !$*UTF8*$!
{
	archiveVersion = 1;
	classes = {
	};
	objectVersion = 50;
	objects = {

/* Begin PBXBuildFile section */
		36EC2D42241FA11100A168F4 /* AppDelegate.swift in Sources */ = {isa = PBXBuildFile; fileRef = 36EC2D41241FA11100A168F4 /* AppDelegate.swift */; };
		36EC2D49241FA11100A168F4 /* Main.storyboard in Resources */ = {isa = PBXBuildFile; fileRef = 36EC2D47241FA11100A168F4 /* Main.storyboard */; };
		36EC2D4B241FA11300A168F4 /* Assets.xcassets in Resources */ = {isa = PBXBuildFile; fileRef = 36EC2D4A241FA11300A168F4 /* Assets.xcassets */; };
		36EC2D4E241FA11300A168F4 /* LaunchScreen.storyboard in Resources */ = {isa = PBXBuildFile; fileRef = 36EC2D4C241FA11300A168F4 /* LaunchScreen.storyboard */; };
		557BB3BC242545D3004B5037 /* Localizable.strings in Resources */ = {isa = PBXBuildFile; fileRef = 557BB3BE242545D3004B5037 /* Localizable.strings */; };
		5587459024202F27001A2DE3 /* MapViewController.swift in Sources */ = {isa = PBXBuildFile; fileRef = 5587458F24202F27001A2DE3 /* MapViewController.swift */; };
		55E0C702242BDCA7004AE9D4 /* Annotation.swift in Sources */ = {isa = PBXBuildFile; fileRef = 55E0C701242BDCA6004AE9D4 /* Annotation.swift */; };
		55E0C704242BDCEA004AE9D4 /* AnnotationView.swift in Sources */ = {isa = PBXBuildFile; fileRef = 55E0C703242BDCEA004AE9D4 /* AnnotationView.swift */; };
/* End PBXBuildFile section */

/* Begin PBXFileReference section */
		36EC2D3E241FA11100A168F4 /* openweathermap-ios.app */ = {isa = PBXFileReference; explicitFileType = wrapper.application; includeInIndex = 0; path = "openweathermap-ios.app"; sourceTree = BUILT_PRODUCTS_DIR; };
		36EC2D41241FA11100A168F4 /* AppDelegate.swift */ = {isa = PBXFileReference; lastKnownFileType = sourcecode.swift; path = AppDelegate.swift; sourceTree = "<group>"; };
		36EC2D48241FA11100A168F4 /* Base */ = {isa = PBXFileReference; lastKnownFileType = file.storyboard; name = Base; path = Base.lproj/Main.storyboard; sourceTree = "<group>"; };
		36EC2D4A241FA11300A168F4 /* Assets.xcassets */ = {isa = PBXFileReference; lastKnownFileType = folder.assetcatalog; path = Assets.xcassets; sourceTree = "<group>"; };
		36EC2D4D241FA11300A168F4 /* Base */ = {isa = PBXFileReference; lastKnownFileType = file.storyboard; name = Base; path = Base.lproj/LaunchScreen.storyboard; sourceTree = "<group>"; };
		36EC2D4F241FA11300A168F4 /* Info.plist */ = {isa = PBXFileReference; lastKnownFileType = text.plist.xml; path = Info.plist; sourceTree = "<group>"; };
		557BB3BD242545D3004B5037 /* en */ = {isa = PBXFileReference; lastKnownFileType = text.plist.strings; name = en; path = en.lproj/Localizable.strings; sourceTree = "<group>"; };
		5587458F24202F27001A2DE3 /* MapViewController.swift */ = {isa = PBXFileReference; lastKnownFileType = sourcecode.swift; name = MapViewController.swift; path = "openweathermap-ios/MapViewController.swift"; sourceTree = SOURCE_ROOT; };
		55E0C701242BDCA6004AE9D4 /* Annotation.swift */ = {isa = PBXFileReference; lastKnownFileType = sourcecode.swift; path = Annotation.swift; sourceTree = "<group>"; };
		55E0C703242BDCEA004AE9D4 /* AnnotationView.swift */ = {isa = PBXFileReference; lastKnownFileType = sourcecode.swift; path = AnnotationView.swift; sourceTree = "<group>"; };
/* End PBXFileReference section */

/* Begin PBXFrameworksBuildPhase section */
		36EC2D3B241FA11100A168F4 /* Frameworks */ = {
			isa = PBXFrameworksBuildPhase;
			buildActionMask = 2147483647;
			files = (
			);
			runOnlyForDeploymentPostprocessing = 0;
		};
/* End PBXFrameworksBuildPhase section */

/* Begin PBXGroup section */
		36EC2D35241FA11100A168F4 = {
			isa = PBXGroup;
			children = (
				36EC2D40241FA11100A168F4 /* openweathermap-ios */,
				36EC2D3F241FA11100A168F4 /* Products */,
			);
			sourceTree = "<group>";
		};
		36EC2D3F241FA11100A168F4 /* Products */ = {
			isa = PBXGroup;
			children = (
				36EC2D3E241FA11100A168F4 /* openweathermap-ios.app */,
			);
			name = Products;
			sourceTree = "<group>";
		};
		36EC2D40241FA11100A168F4 /* openweathermap-ios */ = {
			isa = PBXGroup;
			children = (
				55E0C6FF242BDC48004AE9D4 /* Maps */,
				36EC2D41241FA11100A168F4 /* AppDelegate.swift */,
				36EC2D47241FA11100A168F4 /* Main.storyboard */,
				557BB3BE242545D3004B5037 /* Localizable.strings */,
				36EC2D55241FAA1000A168F4 /* Support Files */,
			);
			path = "openweathermap-ios";
			sourceTree = "<group>";
		};
		36EC2D55241FAA1000A168F4 /* Support Files */ = {
			isa = PBXGroup;
			children = (
				36EC2D4F241FA11300A168F4 /* Info.plist */,
				36EC2D4A241FA11300A168F4 /* Assets.xcassets */,
				36EC2D4C241FA11300A168F4 /* LaunchScreen.storyboard */,
			);
			path = "Support Files";
			sourceTree = "<group>";
		};
		36EC2D57241FB21B00A168F4 /* ViewControllers */ = {
			isa = PBXGroup;
			children = (
				5587458F24202F27001A2DE3 /* MapViewController.swift */,
			);
			name = ViewControllers;
			path = ../ViewControllers;
			sourceTree = "<group>";
		};
		55E0C6FF242BDC48004AE9D4 /* Maps */ = {
			isa = PBXGroup;
			children = (
				55E0C700242BDC81004AE9D4 /* Model */,
				36EC2D57241FB21B00A168F4 /* ViewControllers */,
			);
			path = Maps;
			sourceTree = "<group>";
		};
		55E0C700242BDC81004AE9D4 /* Model */ = {
			isa = PBXGroup;
			children = (
				55E0C701242BDCA6004AE9D4 /* Annotation.swift */,
				55E0C703242BDCEA004AE9D4 /* AnnotationView.swift */,
			);
			path = Model;
			sourceTree = "<group>";
		};
/* End PBXGroup section */

/* Begin PBXNativeTarget section */
		36EC2D3D241FA11100A168F4 /* openweathermap-ios */ = {
			isa = PBXNativeTarget;
			buildConfigurationList = 36EC2D52241FA11300A168F4 /* Build configuration list for PBXNativeTarget "openweathermap-ios" */;
			buildPhases = (
				36EC2D3A241FA11100A168F4 /* Sources */,
				36EC2D3B241FA11100A168F4 /* Frameworks */,
				36EC2D3C241FA11100A168F4 /* Resources */,
			);
			buildRules = (
			);
			dependencies = (
			);
			name = "openweathermap-ios";
			productName = "openweathermap-ios";
			productReference = 36EC2D3E241FA11100A168F4 /* openweathermap-ios.app */;
			productType = "com.apple.product-type.application";
		};
/* End PBXNativeTarget section */

/* Begin PBXProject section */
		36EC2D36241FA11100A168F4 /* Project object */ = {
			isa = PBXProject;
			attributes = {
				LastSwiftUpdateCheck = 1130;
				LastUpgradeCheck = 1130;
				TargetAttributes = {
					36EC2D3D241FA11100A168F4 = {
						CreatedOnToolsVersion = 11.3;
					};
				};
			};
			buildConfigurationList = 36EC2D39241FA11100A168F4 /* Build configuration list for PBXProject "openweathermap-ios" */;
			compatibilityVersion = "Xcode 9.3";
			developmentRegion = en;
			hasScannedForEncodings = 0;
			knownRegions = (
				en,
				Base,
			);
			mainGroup = 36EC2D35241FA11100A168F4;
			productRefGroup = 36EC2D3F241FA11100A168F4 /* Products */;
			projectDirPath = "";
			projectRoot = "";
			targets = (
				36EC2D3D241FA11100A168F4 /* openweathermap-ios */,
			);
		};
/* End PBXProject section */

/* Begin PBXResourcesBuildPhase section */
		36EC2D3C241FA11100A168F4 /* Resources */ = {
			isa = PBXResourcesBuildPhase;
			buildActionMask = 2147483647;
			files = (
				36EC2D4E241FA11300A168F4 /* LaunchScreen.storyboard in Resources */,
				557BB3BC242545D3004B5037 /* Localizable.strings in Resources */,
				36EC2D4B241FA11300A168F4 /* Assets.xcassets in Resources */,
				36EC2D49241FA11100A168F4 /* Main.storyboard in Resources */,
			);
			runOnlyForDeploymentPostprocessing = 0;
		};
/* End PBXResourcesBuildPhase section */

/* Begin PBXSourcesBuildPhase section */
		36EC2D3A241FA11100A168F4 /* Sources */ = {
			isa = PBXSourcesBuildPhase;
			buildActionMask = 2147483647;
			files = (
				36EC2D42241FA11100A168F4 /* AppDelegate.swift in Sources */,
				55E0C704242BDCEA004AE9D4 /* AnnotationView.swift in Sources */,
				55E0C702242BDCA7004AE9D4 /* Annotation.swift in Sources */,
				5587459024202F27001A2DE3 /* MapViewController.swift in Sources */,
			);
			runOnlyForDeploymentPostprocessing = 0;
		};
/* End PBXSourcesBuildPhase section */

/* Begin PBXVariantGroup section */
		36EC2D47241FA11100A168F4 /* Main.storyboard */ = {
			isa = PBXVariantGroup;
			children = (
				36EC2D48241FA11100A168F4 /* Base */,
			);
			name = Main.storyboard;
			sourceTree = "<group>";
		};
		36EC2D4C241FA11300A168F4 /* LaunchScreen.storyboard */ = {
			isa = PBXVariantGroup;
			children = (
				36EC2D4D241FA11300A168F4 /* Base */,
			);
			name = LaunchScreen.storyboard;
			sourceTree = "<group>";
		};
		557BB3BE242545D3004B5037 /* Localizable.strings */ = {
			isa = PBXVariantGroup;
			children = (
				557BB3BD242545D3004B5037 /* en */,
			);
			name = Localizable.strings;
			sourceTree = "<group>";
		};
/* End PBXVariantGroup section */

/* Begin XCBuildConfiguration section */
		36EC2D50241FA11300A168F4 /* Debug */ = {
			isa = XCBuildConfiguration;
			buildSettings = {
				ALWAYS_SEARCH_USER_PATHS = NO;
				CLANG_ANALYZER_NONNULL = YES;
				CLANG_ANALYZER_NUMBER_OBJECT_CONVERSION = YES_AGGRESSIVE;
				CLANG_CXX_LANGUAGE_STANDARD = "gnu++14";
				CLANG_CXX_LIBRARY = "libc++";
				CLANG_ENABLE_MODULES = YES;
				CLANG_ENABLE_OBJC_ARC = YES;
				CLANG_ENABLE_OBJC_WEAK = YES;
				CLANG_WARN_BLOCK_CAPTURE_AUTORELEASING = YES;
				CLANG_WARN_BOOL_CONVERSION = YES;
				CLANG_WARN_COMMA = YES;
				CLANG_WARN_CONSTANT_CONVERSION = YES;
				CLANG_WARN_DEPRECATED_OBJC_IMPLEMENTATIONS = YES;
				CLANG_WARN_DIRECT_OBJC_ISA_USAGE = YES_ERROR;
				CLANG_WARN_DOCUMENTATION_COMMENTS = YES;
				CLANG_WARN_EMPTY_BODY = YES;
				CLANG_WARN_ENUM_CONVERSION = YES;
				CLANG_WARN_INFINITE_RECURSION = YES;
				CLANG_WARN_INT_CONVERSION = YES;
				CLANG_WARN_NON_LITERAL_NULL_CONVERSION = YES;
				CLANG_WARN_OBJC_IMPLICIT_RETAIN_SELF = YES;
				CLANG_WARN_OBJC_LITERAL_CONVERSION = YES;
				CLANG_WARN_OBJC_ROOT_CLASS = YES_ERROR;
				CLANG_WARN_RANGE_LOOP_ANALYSIS = YES;
				CLANG_WARN_STRICT_PROTOTYPES = YES;
				CLANG_WARN_SUSPICIOUS_MOVE = YES;
				CLANG_WARN_UNGUARDED_AVAILABILITY = YES_AGGRESSIVE;
				CLANG_WARN_UNREACHABLE_CODE = YES;
				CLANG_WARN__DUPLICATE_METHOD_MATCH = YES;
				COPY_PHASE_STRIP = NO;
				DEBUG_INFORMATION_FORMAT = dwarf;
				ENABLE_STRICT_OBJC_MSGSEND = YES;
				ENABLE_TESTABILITY = YES;
				GCC_C_LANGUAGE_STANDARD = gnu11;
				GCC_DYNAMIC_NO_PIC = NO;
				GCC_NO_COMMON_BLOCKS = YES;
				GCC_OPTIMIZATION_LEVEL = 0;
				GCC_PREPROCESSOR_DEFINITIONS = (
					"DEBUG=1",
					"$(inherited)",
				);
				GCC_WARN_64_TO_32_BIT_CONVERSION = YES;
				GCC_WARN_ABOUT_RETURN_TYPE = YES_ERROR;
				GCC_WARN_UNDECLARED_SELECTOR = YES;
				GCC_WARN_UNINITIALIZED_AUTOS = YES_AGGRESSIVE;
				GCC_WARN_UNUSED_FUNCTION = YES;
				GCC_WARN_UNUSED_VARIABLE = YES;
				IPHONEOS_DEPLOYMENT_TARGET = 13.2;
				MTL_ENABLE_DEBUG_INFO = INCLUDE_SOURCE;
				MTL_FAST_MATH = YES;
				ONLY_ACTIVE_ARCH = YES;
				SDKROOT = iphoneos;
				SWIFT_ACTIVE_COMPILATION_CONDITIONS = DEBUG;
				SWIFT_OPTIMIZATION_LEVEL = "-Onone";
			};
			name = Debug;
		};
		36EC2D51241FA11300A168F4 /* Release */ = {
			isa = XCBuildConfiguration;
			buildSettings = {
				ALWAYS_SEARCH_USER_PATHS = NO;
				CLANG_ANALYZER_NONNULL = YES;
				CLANG_ANALYZER_NUMBER_OBJECT_CONVERSION = YES_AGGRESSIVE;
				CLANG_CXX_LANGUAGE_STANDARD = "gnu++14";
				CLANG_CXX_LIBRARY = "libc++";
				CLANG_ENABLE_MODULES = YES;
				CLANG_ENABLE_OBJC_ARC = YES;
				CLANG_ENABLE_OBJC_WEAK = YES;
				CLANG_WARN_BLOCK_CAPTURE_AUTORELEASING = YES;
				CLANG_WARN_BOOL_CONVERSION = YES;
				CLANG_WARN_COMMA = YES;
				CLANG_WARN_CONSTANT_CONVERSION = YES;
				CLANG_WARN_DEPRECATED_OBJC_IMPLEMENTATIONS = YES;
				CLANG_WARN_DIRECT_OBJC_ISA_USAGE = YES_ERROR;
				CLANG_WARN_DOCUMENTATION_COMMENTS = YES;
				CLANG_WARN_EMPTY_BODY = YES;
				CLANG_WARN_ENUM_CONVERSION = YES;
				CLANG_WARN_INFINITE_RECURSION = YES;
				CLANG_WARN_INT_CONVERSION = YES;
				CLANG_WARN_NON_LITERAL_NULL_CONVERSION = YES;
				CLANG_WARN_OBJC_IMPLICIT_RETAIN_SELF = YES;
				CLANG_WARN_OBJC_LITERAL_CONVERSION = YES;
				CLANG_WARN_OBJC_ROOT_CLASS = YES_ERROR;
				CLANG_WARN_RANGE_LOOP_ANALYSIS = YES;
				CLANG_WARN_STRICT_PROTOTYPES = YES;
				CLANG_WARN_SUSPICIOUS_MOVE = YES;
				CLANG_WARN_UNGUARDED_AVAILABILITY = YES_AGGRESSIVE;
				CLANG_WARN_UNREACHABLE_CODE = YES;
				CLANG_WARN__DUPLICATE_METHOD_MATCH = YES;
				COPY_PHASE_STRIP = NO;
				DEBUG_INFORMATION_FORMAT = "dwarf-with-dsym";
				ENABLE_NS_ASSERTIONS = NO;
				ENABLE_STRICT_OBJC_MSGSEND = YES;
				GCC_C_LANGUAGE_STANDARD = gnu11;
				GCC_NO_COMMON_BLOCKS = YES;
				GCC_WARN_64_TO_32_BIT_CONVERSION = YES;
				GCC_WARN_ABOUT_RETURN_TYPE = YES_ERROR;
				GCC_WARN_UNDECLARED_SELECTOR = YES;
				GCC_WARN_UNINITIALIZED_AUTOS = YES_AGGRESSIVE;
				GCC_WARN_UNUSED_FUNCTION = YES;
				GCC_WARN_UNUSED_VARIABLE = YES;
				IPHONEOS_DEPLOYMENT_TARGET = 13.2;
				MTL_ENABLE_DEBUG_INFO = NO;
				MTL_FAST_MATH = YES;
				SDKROOT = iphoneos;
				SWIFT_COMPILATION_MODE = wholemodule;
				SWIFT_OPTIMIZATION_LEVEL = "-O";
				VALIDATE_PRODUCT = YES;
			};
			name = Release;
		};
		36EC2D53241FA11300A168F4 /* Debug */ = {
			isa = XCBuildConfiguration;
			buildSettings = {
				ASSETCATALOG_COMPILER_APPICON_NAME = AppIcon;
				CODE_SIGN_STYLE = Manual;
				CURRENT_PROJECT_VERSION = 1;
				INFOPLIST_FILE = "openweathermap-ios/Support Files/Info.plist";
				LD_RUNPATH_SEARCH_PATHS = (
					"$(inherited)",
					"@executable_path/Frameworks",
				);
				MARKETING_VERSION = 1.0.0;
				PRODUCT_BUNDLE_IDENTIFIER = "com.example.openweathermap-ios";
				PRODUCT_NAME = "$(TARGET_NAME)";
				SWIFT_VERSION = 5.0;
				TARGETED_DEVICE_FAMILY = "1,2";
			};
			name = Debug;
		};
		36EC2D54241FA11300A168F4 /* Release */ = {
			isa = XCBuildConfiguration;
			buildSettings = {
				ASSETCATALOG_COMPILER_APPICON_NAME = AppIcon;
				CODE_SIGN_STYLE = Manual;
				CURRENT_PROJECT_VERSION = 1;
				INFOPLIST_FILE = "openweathermap-ios/Support Files/Info.plist";
				LD_RUNPATH_SEARCH_PATHS = (
					"$(inherited)",
					"@executable_path/Frameworks",
				);
				MARKETING_VERSION = 1.0.0;
				PRODUCT_BUNDLE_IDENTIFIER = "com.example.openweathermap-ios";
				PRODUCT_NAME = "$(TARGET_NAME)";
				SWIFT_VERSION = 5.0;
				TARGETED_DEVICE_FAMILY = "1,2";
			};
			name = Release;
		};
/* End XCBuildConfiguration section */

/* Begin XCConfigurationList section */
		36EC2D39241FA11100A168F4 /* Build configuration list for PBXProject "openweathermap-ios" */ = {
			isa = XCConfigurationList;
			buildConfigurations = (
				36EC2D50241FA11300A168F4 /* Debug */,
				36EC2D51241FA11300A168F4 /* Release */,
			);
			defaultConfigurationIsVisible = 0;
			defaultConfigurationName = Release;
		};
		36EC2D52241FA11300A168F4 /* Build configuration list for PBXNativeTarget "openweathermap-ios" */ = {
			isa = XCConfigurationList;
			buildConfigurations = (
				36EC2D53241FA11300A168F4 /* Debug */,
				36EC2D54241FA11300A168F4 /* Release */,
			);
			defaultConfigurationIsVisible = 0;
			defaultConfigurationName = Release;
		};
/* End XCConfigurationList section */
	};
	rootObject = 36EC2D36241FA11100A168F4 /* Project object */;
}
